{
  "originHash" : "b3c792f51ea80c0f379767ec8f0a8f9a76bfc7622e5c5f8e4d71f82bcc971701",
  "pins" : [
    {
      "identity" : "loggingkit",
      "kind" : "remoteSourceControl",
      "location" : "https://github.com/Machx/LoggingKit.git",
      "state" : {
        "branch" : "main",
        "revision" : "286b56eaa49183a174799690dd80ae866354c6ca"
      }
    }
  ],
  "version" : 3
}
