{
  "originHash" : "8895c9695babedb431ef6c4654398389714f27bdcddeab8637ecf377d79ae8b6",
  "pins" : [
    {
      "identity" : "loggingkit",
      "kind" : "remoteSourceControl",
      "location" : "https://github.com/Machx/LoggingKit.git",
      "state" : {
        "branch" : "main",
        "revision" : "294ac48dafe3b687612bcdecc039dca5df8cbb0a"
      }
    }
  ],
  "version" : 3
}
